PODS:
  - Flutter (1.0.0)
  - one_sdk_flutter (1.0.0):
    - Flutter
    - Thunderhead
  - Thunderhead (5.3.2)

DEPENDENCIES:
  - Flutter (from `Flutter`)
  - one_sdk_flutter (from `.symlinks/plugins/one_sdk_flutter/ios`)

SPEC REPOS:
  trunk:
    - Thunderhead

EXTERNAL SOURCES:
  Flutter:
    :path: Flutter
  one_sdk_flutter:
    :path: ".symlinks/plugins/one_sdk_flutter/ios"

SPEC CHECKSUMS:
  Flutter: 50d75fe2f02b26cc09d224853bb45737f8b3214a
  one_sdk_flutter: 551215d90e042c963800ed77459148c55b2d8b83
  Thunderhead: 5f31bf6926ea87fb9c99e81bc00722185d73e366

PODFILE CHECKSUM: 448f2c14b05c968036e8103c88cc457c0697ac31

COCOAPODS: 1.11.2
